
Microsoft Visual Studio Solution File, Format Version 12.00
# Visual Studio Version 17
VisualStudioVersion = 17.0.32014.148
MinimumVisualStudioVersion = 10.0.40219.1
Project("{FAE04EC0-301F-11D3-BF4B-00C04F79EFBC}") = "AntiDeadLock", "AntiDeadLock\AntiDeadLock.csproj", "{00ED86C7-6A86-4E9A-AAB2-EA76AF0EDE67}"
EndProject
Project("{FAE04EC0-301F-11D3-BF4B-00C04F79EFBC}") = "AntiDeadLock_Test", "AntiDeadLock_Test\AntiDeadLock_Test.csproj", "{83C7EDC7-CCAE-4C86-B73C-FEAEA585A3CC}"
EndProject
Global
	GlobalSection(SolutionConfigurationPlatforms) = preSolution
		Debug|Any CPU = Debug|Any CPU
		Release|Any CPU = Release|Any CPU
	EndGlobalSection
	GlobalSection(ProjectConfigurationPlatforms) = postSolution
		{00ED86C7-6A86-4E9A-AAB2-EA76AF0EDE67}.Debug|Any CPU.ActiveCfg = Debug|Any CPU
		{00ED86C7-6A86-4E9A-AAB2-EA76AF0EDE67}.Debug|Any CPU.Build.0 = Debug|Any CPU
		{00ED86C7-6A86-4E9A-AAB2-EA76AF0EDE67}.Release|Any CPU.ActiveCfg = Release|Any CPU
		{00ED86C7-6A86-4E9A-AAB2-EA76AF0EDE67}.Release|Any CPU.Build.0 = Release|Any CPU
		{83C7EDC7-CCAE-4C86-B73C-FEAEA585A3CC}.Debug|Any CPU.ActiveCfg = Debug|Any CPU
		{83C7EDC7-CCAE-4C86-B73C-FEAEA585A3CC}.Debug|Any CPU.Build.0 = Debug|Any CPU
		{83C7EDC7-CCAE-4C86-B73C-FEAEA585A3CC}.Release|Any CPU.ActiveCfg = Release|Any CPU
		{83C7EDC7-CCAE-4C86-B73C-FEAEA585A3CC}.Release|Any CPU.Build.0 = Release|Any CPU
	EndGlobalSection
	GlobalSection(SolutionProperties) = preSolution
		HideSolutionNode = FALSE
	EndGlobalSection
	GlobalSection(ExtensibilityGlobals) = postSolution
		SolutionGuid = {97C073C8-10CE-4B3D-81FF-196769A7B30F}
	EndGlobalSection
EndGlobal
